
Microsoft Visual Studio Solution File, Format Version 12.00
Project("{FAE04EC0-301F-11D3-BF4B-00C04F79EFBC}") = "DMP", "DMP\DMP.csproj", "{0FF12F06-B398-4909-A76A-FD1ECF701E6A}"
EndProject
Project("{FAE04EC0-301F-11D3-BF4B-00C04F79EFBC}") = "Tests", "Tests\Tests.csproj", "{5F55EF8F-BD8E-4D78-BD36-FD58732A894E}"
EndProject
Global
	GlobalSection(SolutionConfigurationPlatforms) = preSolution
		Debug|Any CPU = Debug|Any CPU
		Release|Any CPU = Release|Any CPU
	EndGlobalSection
	GlobalSection(ProjectConfigurationPlatforms) = postSolution
		{0FF12F06-B398-4909-A76A-FD1ECF701E6A}.Debug|Any CPU.ActiveCfg = Debug|Any CPU
		{0FF12F06-B398-4909-A76A-FD1ECF701E6A}.Debug|Any CPU.Build.0 = Debug|Any CPU
		{0FF12F06-B398-4909-A76A-FD1ECF701E6A}.Release|Any CPU.ActiveCfg = Release|Any CPU
		{0FF12F06-B398-4909-A76A-FD1ECF701E6A}.Release|Any CPU.Build.0 = Release|Any CPU
		{5F55EF8F-BD8E-4D78-BD36-FD58732A894E}.Debug|Any CPU.ActiveCfg = Debug|Any CPU
		{5F55EF8F-BD8E-4D78-BD36-FD58732A894E}.Debug|Any CPU.Build.0 = Debug|Any CPU
		{5F55EF8F-BD8E-4D78-BD36-FD58732A894E}.Release|Any CPU.ActiveCfg = Release|Any CPU
		{5F55EF8F-BD8E-4D78-BD36-FD58732A894E}.Release|Any CPU.Build.0 = Release|Any CPU
	EndGlobalSection
EndGlobal
